hash: 2c2fe519537829710b0f6ab606f171f6f0bcbfb3130a263c26d91761999b70c8
updated: 2017-08-22T16:11:21.999340534+02:00
imports:
- name: github.com/ant0ine/go-json-rest
  version: 731ccde05312e2c1f5578a504ea8e77d38020340
  subpackages:
  - rest
  - rest/trie
- name: github.com/buaazp/fasthttprouter
  version: ade4e2031af3aed7fffd241084aad80a58faf421
- name: github.com/go-chi/chi
  version: 25354a53cca531cb2efd3f1d3c565d90ff04d802
- name: github.com/klauspost/compress
  version: f3dce52e0576655d55fd69e74b63da96ad1108f3
  subpackages:
  - flate
  - gzip
  - zlib
- name: github.com/klauspost/cpuid
  version: ae7887de9fa5d2db4eaa8174a7eff2c1ac00f2da
- name: github.com/mailru/easyjson
  version: 2f5df55504ebc322e4d52d34df6a1f5b503bf26d
  subpackages:
  - buffer
  - jlexer
  - jwriter
- name: github.com/valyala/bytebufferpool
  version: e746df99fe4a3986f4d4f79e13c1e0117ce9c2f7
- name: github.com/valyala/fasthttp
  version: 52a0993b96f032dea57fa93081d7c0a1aa906430
  subpackages:
  - fasthttputil
  - stackless
testImports: []
